
Microsoft Visual Studio Solution File, Format Version 12.00
# Visual Studio Version 16
VisualStudioVersion = 16.0.29905.134
MinimumVisualStudioVersion = 10.0.40219.1
Project("{FAE04EC0-301F-11D3-BF4B-00C04F79EFBC}") = "ConsoleCoreSimpleStringFormating", "ConsoleCoreSimpleStringFormating\ConsoleCoreSimpleStringFormating.csproj", "{4A27581A-6255-4293-B3BB-FCDE8DAE80C3}"
EndProject
Global
	GlobalSection(SolutionConfigurationPlatforms) = preSolution
		Debug|Any CPU = Debug|Any CPU
		Release|Any CPU = Release|Any CPU
	EndGlobalSection
	GlobalSection(ProjectConfigurationPlatforms) = postSolution
		{4A27581A-6255-4293-B3BB-FCDE8DAE80C3}.Debug|Any CPU.ActiveCfg = Debug|Any CPU
		{4A27581A-6255-4293-B3BB-FCDE8DAE80C3}.Debug|Any CPU.Build.0 = Debug|Any CPU
		{4A27581A-6255-4293-B3BB-FCDE8DAE80C3}.Release|Any CPU.ActiveCfg = Release|Any CPU
		{4A27581A-6255-4293-B3BB-FCDE8DAE80C3}.Release|Any CPU.Build.0 = Release|Any CPU
	EndGlobalSection
	GlobalSection(SolutionProperties) = preSolution
		HideSolutionNode = FALSE
	EndGlobalSection
	GlobalSection(ExtensibilityGlobals) = postSolution
		SolutionGuid = {B51A584E-8184-4A56-8E6E-658B239924C9}
	EndGlobalSection
EndGlobal
